
Microsoft Visual Studio Solution File, Format Version 12.00
# Visual Studio 15
VisualStudioVersion = 15.0.26124.0
MinimumVisualStudioVersion = 15.0.26124.0
Project("{FAE04EC0-301F-11D3-BF4B-00C04F79EFBC}") = "DesignPatternsDemo", "DesignPatternsDemo.Strategy\DesignPatternsDemo.Strategy.csproj", "{C4EED601-CA2B-4C80-BFD2-3B1C1BDC423B}"
EndProject
Global
	GlobalSection(SolutionConfigurationPlatforms) = preSolution
		Debug|Any CPU = Debug|Any CPU
		Debug|x64 = Debug|x64
		Debug|x86 = Debug|x86
		Release|Any CPU = Release|Any CPU
		Release|x64 = Release|x64
		Release|x86 = Release|x86
	EndGlobalSection
	GlobalSection(ProjectConfigurationPlatforms) = postSolution
		{C4EED601-CA2B-4C80-BFD2-3B1C1BDC423B}.Debug|Any CPU.ActiveCfg = Debug|Any CPU
		{C4EED601-CA2B-4C80-BFD2-3B1C1BDC423B}.Debug|Any CPU.Build.0 = Debug|Any CPU
		{C4EED601-CA2B-4C80-BFD2-3B1C1BDC423B}.Debug|x64.ActiveCfg = Debug|Any CPU
		{C4EED601-CA2B-4C80-BFD2-3B1C1BDC423B}.Debug|x64.Build.0 = Debug|Any CPU
		{C4EED601-CA2B-4C80-BFD2-3B1C1BDC423B}.Debug|x86.ActiveCfg = Debug|Any CPU
		{C4EED601-CA2B-4C80-BFD2-3B1C1BDC423B}.Debug|x86.Build.0 = Debug|Any CPU
		{C4EED601-CA2B-4C80-BFD2-3B1C1BDC423B}.Release|Any CPU.ActiveCfg = Release|Any CPU
		{C4EED601-CA2B-4C80-BFD2-3B1C1BDC423B}.Release|Any CPU.Build.0 = Release|Any CPU
		{C4EED601-CA2B-4C80-BFD2-3B1C1BDC423B}.Release|x64.ActiveCfg = Release|Any CPU
		{C4EED601-CA2B-4C80-BFD2-3B1C1BDC423B}.Release|x64.Build.0 = Release|Any CPU
		{C4EED601-CA2B-4C80-BFD2-3B1C1BDC423B}.Release|x86.ActiveCfg = Release|Any CPU
		{C4EED601-CA2B-4C80-BFD2-3B1C1BDC423B}.Release|x86.Build.0 = Release|Any CPU
	EndGlobalSection
	GlobalSection(SolutionProperties) = preSolution
		HideSolutionNode = FALSE
	EndGlobalSection
	GlobalSection(ExtensibilityGlobals) = postSolution
		SolutionGuid = {F29B5DE3-521C-4EBA-8AAD-A5DC1C6D9C33}
	EndGlobalSection
EndGlobal
