
Microsoft Visual Studio Solution File, Format Version 12.00
# Visual Studio 15
VisualStudioVersion = 15.0.26124.0
MinimumVisualStudioVersion = 15.0.26124.0
Project("{9A19103F-16F7-4668-BE54-9A1E7A4F7556}") = "DesignPatternsDemo.Strategy", "DesignPatternsDemo.Strategy\DesignPatternsDemo.Strategy.csproj", "{38C5FC0D-7BF6-4067-9D3D-CFBA14DA37A0}"
EndProject
Project("{9A19103F-16F7-4668-BE54-9A1E7A4F7556}") = "DesignPatternsDemo.Factories", "DesignPatternsDemo.Factories\DesignPatternsDemo.Factories.csproj", "{7FED00CA-AA94-44E0-8135-84FFEAB68609}"
EndProject
Global
	GlobalSection(SolutionConfigurationPlatforms) = preSolution
		Debug|Any CPU = Debug|Any CPU
		Release|Any CPU = Release|Any CPU
	EndGlobalSection
	GlobalSection(ProjectConfigurationPlatforms) = postSolution
		{38C5FC0D-7BF6-4067-9D3D-CFBA14DA37A0}.Debug|Any CPU.ActiveCfg = Debug|Any CPU
		{38C5FC0D-7BF6-4067-9D3D-CFBA14DA37A0}.Debug|Any CPU.Build.0 = Debug|Any CPU
		{38C5FC0D-7BF6-4067-9D3D-CFBA14DA37A0}.Release|Any CPU.ActiveCfg = Release|Any CPU
		{38C5FC0D-7BF6-4067-9D3D-CFBA14DA37A0}.Release|Any CPU.Build.0 = Release|Any CPU
		{7FED00CA-AA94-44E0-8135-84FFEAB68609}.Debug|Any CPU.ActiveCfg = Debug|Any CPU
		{7FED00CA-AA94-44E0-8135-84FFEAB68609}.Debug|Any CPU.Build.0 = Debug|Any CPU
		{7FED00CA-AA94-44E0-8135-84FFEAB68609}.Release|Any CPU.ActiveCfg = Release|Any CPU
		{7FED00CA-AA94-44E0-8135-84FFEAB68609}.Release|Any CPU.Build.0 = Release|Any CPU
	EndGlobalSection
	GlobalSection(SolutionProperties) = preSolution
		HideSolutionNode = FALSE
	EndGlobalSection
	GlobalSection(ExtensibilityGlobals) = postSolution
		SolutionGuid = {F29B5DE3-521C-4EBA-8AAD-A5DC1C6D9C33}
	EndGlobalSection
EndGlobal
